<?xml version="1.0" encoding="utf-8"?>
<Project ToolsVersion="4.0" xmlns="http://schemas.microsoft.com/developer/msbuild/2003">
  <ItemGroup>
    <Filter Include="Source Files">
      <UniqueIdentifier>{4FC737F1-C7A5-4376-A066-2A32D752A2FF}</UniqueIdentifier>
      <Extensions>cpp;c;cc;cxx;c++;cppm;ixx;def;odl;idl;hpj;bat;asm;asmx</Extensions>
    </Filter>
    <Filter Include="Header Files">
      <UniqueIdentifier>{93995380-89BD-4b04-88EB-625FBE52EBFB}</UniqueIdentifier>
      <Extensions>h;hh;hpp;hxx;h++;hm;inl;inc;ipp;xsd</Extensions>
    </Filter>
    <Filter Include="Resource Files">
      <UniqueIdentifier>{67DA6AB6-F800-4c08-8B7A-83BB121AAD01}</UniqueIdentifier>
      <Extensions>rc;ico;cur;bmp;dlg;rc2;rct;bin;rgs;gif;jpg;jpeg;jpe;resx;tiff;tif;png;wav;mfcribbon-ms</Extensions>
    </Filter>
  </ItemGroup>
  <ItemGroup>
    <ClCompile Include="main.cpp">
      <Filter>Source Files</Filter>
    </ClCompile>
    <ClCompile Include="ConsoleDocEditorApp.cpp">
      <Filter>Source Files</Filter>
    </ClCompile>
    <ClCompile Include="User\User.cpp">
      <Filter>Source Files</Filter>
    </ClCompile>
    <ClCompile Include="Document\Document.cpp">
      <Filter>Source Files</Filter>
    </ClCompile>
    <ClCompile Include="Document\Import\Import.cpp">
      <Filter>Source Files</Filter>
    </ClCompile>
    <ClCompile Include="File\FileDialog.cpp">
      <Filter>Source Files</Filter>
    </ClCompile>
    <ClCompile Include="Document\Content\Content.cpp">
      <Filter>Source Files</Filter>
    </ClCompile>
    <ClCompile Include="Document\Export\Exporters.cpp">
      <Filter>Source Files</Filter>
    </ClCompile>
    <ClCompile Include="Document\Command\Command.cpp">
      <Filter>Source Files</Filter>
    </ClCompile>
    <ClCompile Include="Document\Export\tinyxml2.cpp">
      <Filter>Source Files</Filter>
    </ClCompile>
  </ItemGroup>
  <ItemGroup>
    <ClInclude Include="ConsoleDocEditorApp.h">
      <Filter>Header Files</Filter>
    </ClInclude>
    <ClInclude Include="User\IUserRepo.h">
      <Filter>Header Files</Filter>
    </ClInclude>
    <ClInclude Include="User\IUser.h">
      <Filter>Header Files</Filter>
    </ClInclude>
    <ClInclude Include="User\LocalStorageUserRepo.h">
      <Filter>Header Files</Filter>
    </ClInclude>
    <ClInclude Include="User\User.h">
      <Filter>Header Files</Filter>
    </ClInclude>
    <ClInclude Include="User\Admin.h">
      <Filter>Header Files</Filter>
    </ClInclude>
    <ClInclude Include="Document\Document.h">
      <Filter>Header Files</Filter>
    </ClInclude>
    <ClInclude Include="Document\Import\IContentImporter.h">
      <Filter>Header Files</Filter>
    </ClInclude>
    <ClInclude Include="Document\Import\TXTImporterAdapter.h">
      <Filter>Header Files</Filter>
    </ClInclude>
    <ClInclude Include="Document\Import\TXTImporter.h">
      <Filter>Header Files</Filter>
    </ClInclude>
    <ClInclude Include="Document\Command\ICommand.h">
      <Filter>Header Files</Filter>
    </ClInclude>
    <ClInclude Include="Document\Command\AddCharCommand.h">
      <Filter>Header Files</Filter>
    </ClInclude>
    <ClInclude Include="File\FileDialog.h">
      <Filter>Header Files</Filter>
    </ClInclude>
    <ClInclude Include="Saver\ISaverStrategy.h">
      <Filter>Header Files</Filter>
    </ClInclude>
    <ClInclude Include="Document\Content\Content.h">
      <Filter>Header Files</Filter>
    </ClInclude>
    <ClInclude Include="Document\Export\IExportFactory.h">
      <Filter>Header Files</Filter>
    </ClInclude>
    <ClInclude Include="Document\Export\IExporter.h">
      <Filter>Header Files</Filter>
    </ClInclude>
    <ClInclude Include="Document\Export\Exporters.h">
      <Filter>Header Files</Filter>
    </ClInclude>
    <ClInclude Include="Document\HistoryManager.h">
      <Filter>Header Files</Filter>
    </ClInclude>
    <ClInclude Include="Document\Command\DeleteChar.h">
      <Filter>Header Files</Filter>
    </ClInclude>
    <ClInclude Include="Document\Command\PasteCommand.h">
      <Filter>Header Files</Filter>
    </ClInclude>
    <ClInclude Include="Document\Content\Decorator\Decorator.h">
      <Filter>Header Files</Filter>
    </ClInclude>
    <ClInclude Include="Document\Command\DecCommands.h">
      <Filter>Header Files</Filter>
    </ClInclude>
    <ClInclude Include="..\..\..\..\..\GitHub_Projects\tmp\tmp\BSUIR-Labs\TextEditor(LR 2)\json.hpp">
      <Filter>Header Files</Filter>
    </ClInclude>
    <ClInclude Include="Document\Export\json.hpp">
      <Filter>Header Files</Filter>
    </ClInclude>
    <ClInclude Include="Document\Export\tinyxml2.h">
      <Filter>Header Files</Filter>
    </ClInclude>
  </ItemGroup>
</Project>